
Microsoft Visual Studio Solution File, Format Version 9.00
# Visual Studio 2005
Project("{FAE04EC0-301F-11D3-BF4B-00C04F79EFBC}") = "UTC_MV_view", "UTC_MV_view\UTC_MV_view.csproj", "{427B0F14-06AF-4F5D-96EE-536D88A1893B}"
EndProject
Global
	GlobalSection(SolutionConfigurationPlatforms) = preSolution
		Debug|Any CPU = Debug|Any CPU
		Release|Any CPU = Release|Any CPU
	EndGlobalSection
	GlobalSection(ProjectConfigurationPlatforms) = postSolution
		{427B0F14-06AF-4F5D-96EE-536D88A1893B}.Debug|Any CPU.ActiveCfg = Debug|Any CPU
		{427B0F14-06AF-4F5D-96EE-536D88A1893B}.Debug|Any CPU.Build.0 = Debug|Any CPU
		{427B0F14-06AF-4F5D-96EE-536D88A1893B}.Release|Any CPU.ActiveCfg = Release|Any CPU
		{427B0F14-06AF-4F5D-96EE-536D88A1893B}.Release|Any CPU.Build.0 = Release|Any CPU
	EndGlobalSection
	GlobalSection(SolutionProperties) = preSolution
		HideSolutionNode = FALSE
	EndGlobalSection
EndGlobal
